// !$*UTF8*$!
{
	archiveVersion = 1;
	classes = {
	};
	objectVersion = 46;
	objects = {

/* Begin PBXBuildFile section */
		A911880B1A33B90C00C0875F /* AppDelegate.swift in Sources */ = {isa = PBXBuildFile; fileRef = A911880A1A33B90C00C0875F /* AppDelegate.swift */; };
		A911880D1A33B90C00C0875F /* ViewController.swift in Sources */ = {isa = PBXBuildFile; fileRef = A911880C1A33B90C00C0875F /* ViewController.swift */; };
		A91188101A33B90C00C0875F /* Main.storyboard in Resources */ = {isa = PBXBuildFile; fileRef = A911880E1A33B90C00C0875F /* Main.storyboard */; };
		A91188121A33B90C00C0875F /* Images.xcassets in Resources */ = {isa = PBXBuildFile; fileRef = A91188111A33B90C00C0875F /* Images.xcassets */; };
		A91188151A33B90C00C0875F /* LaunchScreen.xib in Resources */ = {isa = PBXBuildFile; fileRef = A91188131A33B90C00C0875F /* LaunchScreen.xib */; };
		A91188211A33B90C00C0875F /* ParseDemoTests.swift in Sources */ = {isa = PBXBuildFile; fileRef = A91188201A33B90C00C0875F /* ParseDemoTests.swift */; };
/* End PBXBuildFile section */

/* Begin PBXContainerItemProxy section */
		A911881B1A33B90C00C0875F /* PBXContainerItemProxy */ = {
			isa = PBXContainerItemProxy;
			containerPortal = A91187FD1A33B90C00C0875F /* Project object */;
			proxyType = 1;
			remoteGlobalIDString = A91188041A33B90C00C0875F;
			remoteInfo = ParseDemo;
		};
/* End PBXContainerItemProxy section */

/* Begin PBXFileReference section */
		A91188051A33B90C00C0875F /* ParseDemo.app */ = {isa = PBXFileReference; explicitFileType = wrapper.application; includeInIndex = 0; path = ParseDemo.app; sourceTree = BUILT_PRODUCTS_DIR; };
		A91188091A33B90C00C0875F /* Info.plist */ = {isa = PBXFileReference; lastKnownFileType = text.plist.xml; path = Info.plist; sourceTree = "<group>"; };
		A911880A1A33B90C00C0875F /* AppDelegate.swift */ = {isa = PBXFileReference; lastKnownFileType = sourcecode.swift; path = AppDelegate.swift; sourceTree = "<group>"; };
		A911880C1A33B90C00C0875F /* ViewController.swift */ = {isa = PBXFileReference; lastKnownFileType = sourcecode.swift; path = ViewController.swift; sourceTree = "<group>"; };
		A911880F1A33B90C00C0875F /* Base */ = {isa = PBXFileReference; lastKnownFileType = file.storyboard; name = Base; path = Base.lproj/Main.storyboard; sourceTree = "<group>"; };
		A91188111A33B90C00C0875F /* Images.xcassets */ = {isa = PBXFileReference; lastKnownFileType = folder.assetcatalog; path = Images.xcassets; sourceTree = "<group>"; };
		A91188141A33B90C00C0875F /* Base */ = {isa = PBXFileReference; lastKnownFileType = file.xib; name = Base; path = Base.lproj/LaunchScreen.xib; sourceTree = "<group>"; };
		A911881A1A33B90C00C0875F /* ParseDemoTests.xctest */ = {isa = PBXFileReference; explicitFileType = wrapper.cfbundle; includeInIndex = 0; path = ParseDemoTests.xctest; sourceTree = BUILT_PRODUCTS_DIR; };
		A911881F1A33B90C00C0875F /* Info.plist */ = {isa = PBXFileReference; lastKnownFileType = text.plist.xml; path = Info.plist; sourceTree = "<group>"; };
		A91188201A33B90C00C0875F /* ParseDemoTests.swift */ = {isa = PBXFileReference; lastKnownFileType = sourcecode.swift; path = ParseDemoTests.swift; sourceTree = "<group>"; };
/* End PBXFileReference section */

/* Begin PBXFrameworksBuildPhase section */
		A91188021A33B90C00C0875F /* Frameworks */ = {
			isa = PBXFrameworksBuildPhase;
			buildActionMask = 2147483647;
			files = (
			);
			runOnlyForDeploymentPostprocessing = 0;
		};
		A91188171A33B90C00C0875F /* Frameworks */ = {
			isa = PBXFrameworksBuildPhase;
			buildActionMask = 2147483647;
			files = (
			);
			runOnlyForDeploymentPostprocessing = 0;
		};
/* End PBXFrameworksBuildPhase section */

/* Begin PBXGroup section */
		A91187FC1A33B90C00C0875F = {
			isa = PBXGroup;
			children = (
				A91188071A33B90C00C0875F /* ParseDemo */,
				A911881D1A33B90C00C0875F /* ParseDemoTests */,
				A91188061A33B90C00C0875F /* Products */,
			);
			sourceTree = "<group>";
		};
		A91188061A33B90C00C0875F /* Products */ = {
			isa = PBXGroup;
			children = (
				A91188051A33B90C00C0875F /* ParseDemo.app */,
				A911881A1A33B90C00C0875F /* ParseDemoTests.xctest */,
			);
			name = Products;
			sourceTree = "<group>";
		};
		A91188071A33B90C00C0875F /* ParseDemo */ = {
			isa = PBXGroup;
			children = (
				A911880A1A33B90C00C0875F /* AppDelegate.swift */,
				A911880C1A33B90C00C0875F /* ViewController.swift */,
				A911880E1A33B90C00C0875F /* Main.storyboard */,
				A91188111A33B90C00C0875F /* Images.xcassets */,
				A91188131A33B90C00C0875F /* LaunchScreen.xib */,
				A91188081A33B90C00C0875F /* Supporting Files */,
			);
			path = ParseDemo;
			sourceTree = "<group>";
		};
		A91188081A33B90C00C0875F /* Supporting Files */ = {
			isa = PBXGroup;
			children = (
				A91188091A33B90C00C0875F /* Info.plist */,
			);
			name = "Supporting Files";
			sourceTree = "<group>";
		};
		A911881D1A33B90C00C0875F /* ParseDemoTests */ = {
			isa = PBXGroup;
			children = (
				A91188201A33B90C00C0875F /* ParseDemoTests.swift */,
				A911881E1A33B90C00C0875F /* Supporting Files */,
			);
			path = ParseDemoTests;
			sourceTree = "<group>";
		};
		A911881E1A33B90C00C0875F /* Supporting Files */ = {
			isa = PBXGroup;
			children = (
				A911881F1A33B90C00C0875F /* Info.plist */,
			);
			name = "Supporting Files";
			sourceTree = "<group>";
		};
/* End PBXGroup section */

/* Begin PBXNativeTarget section */
		A91188041A33B90C00C0875F /* ParseDemo */ = {
			isa = PBXNativeTarget;
			buildConfigurationList = A91188241A33B90C00C0875F /* Build configuration list for PBXNativeTarget "ParseDemo" */;
			buildPhases = (
				A91188011A33B90C00C0875F /* Sources */,
				A91188021A33B90C00C0875F /* Frameworks */,
				A91188031A33B90C00C0875F /* Resources */,
			);
			buildRules = (
			);
			dependencies = (
			);
			name = ParseDemo;
			productName = ParseDemo;
			productReference = A91188051A33B90C00C0875F /* ParseDemo.app */;
			productType = "com.apple.product-type.application";
		};
		A91188191A33B90C00C0875F /* ParseDemoTests */ = {
			isa = PBXNativeTarget;
			buildConfigurationList = A91188271A33B90C00C0875F /* Build configuration list for PBXNativeTarget "ParseDemoTests" */;
			buildPhases = (
				A91188161A33B90C00C0875F /* Sources */,
				A91188171A33B90C00C0875F /* Frameworks */,
				A91188181A33B90C00C0875F /* Resources */,
			);
			buildRules = (
			);
			dependencies = (
				A911881C1A33B90C00C0875F /* PBXTargetDependency */,
			);
			name = ParseDemoTests;
			productName = ParseDemoTests;
			productReference = A911881A1A33B90C00C0875F /* ParseDemoTests.xctest */;
			productType = "com.apple.product-type.bundle.unit-test";
		};
/* End PBXNativeTarget section */

/* Begin PBXProject section */
		A91187FD1A33B90C00C0875F /* Project object */ = {
			isa = PBXProject;
			attributes = {
				LastUpgradeCheck = 0610;
				ORGANIZATIONNAME = Alphaweb;
				TargetAttributes = {
					A91188041A33B90C00C0875F = {
						CreatedOnToolsVersion = 6.1.1;
					};
					A91188191A33B90C00C0875F = {
						CreatedOnToolsVersion = 6.1.1;
						TestTargetID = A91188041A33B90C00C0875F;
					};
				};
			};
			buildConfigurationList = A91188001A33B90C00C0875F /* Build configuration list for PBXProject "ParseDemo" */;
			compatibilityVersion = "Xcode 3.2";
			developmentRegion = English;
			hasScannedForEncodings = 0;
			knownRegions = (
				en,
				Base,
			);
			mainGroup = A91187FC1A33B90C00C0875F;
			productRefGroup = A91188061A33B90C00C0875F /* Products */;
			projectDirPath = "";
			projectRoot = "";
			targets = (
				A91188041A33B90C00C0875F /* ParseDemo */,
				A91188191A33B90C00C0875F /* ParseDemoTests */,
			);
		};
/* End PBXProject section */

/* Begin PBXResourcesBuildPhase section */
		A91188031A33B90C00C0875F /* Resources */ = {
			isa = PBXResourcesBuildPhase;
			buildActionMask = 2147483647;
			files = (
				A91188101A33B90C00C0875F /* Main.storyboard in Resources */,
				A91188151A33B90C00C0875F /* LaunchScreen.xib in Resources */,
				A91188121A33B90C00C0875F /* Images.xcassets in Resources */,
			);
			runOnlyForDeploymentPostprocessing = 0;
		};
		A91188181A33B90C00C0875F /* Resources */ = {
			isa = PBXResourcesBuildPhase;
			buildActionMask = 2147483647;
			files = (
			);
			runOnlyForDeploymentPostprocessing = 0;
		};
/* End PBXResourcesBuildPhase section */

/* Begin PBXSourcesBuildPhase section */
		A91188011A33B90C00C0875F /* Sources */ = {
			isa = PBXSourcesBuildPhase;
			buildActionMask = 2147483647;
			files = (
				A911880D1A33B90C00C0875F /* ViewController.swift in Sources */,
				A911880B1A33B90C00C0875F /* AppDelegate.swift in Sources */,
			);
			runOnlyForDeploymentPostprocessing = 0;
		};
		A91188161A33B90C00C0875F /* Sources */ = {
			isa = PBXSourcesBuildPhase;
			buildActionMask = 2147483647;
			files = (
				A91188211A33B90C00C0875F /* ParseDemoTests.swift in Sources */,
			);
			runOnlyForDeploymentPostprocessing = 0;
		};
/* End PBXSourcesBuildPhase section */

/* Begin PBXTargetDependency section */
		A911881C1A33B90C00C0875F /* PBXTargetDependency */ = {
			isa = PBXTargetDependency;
			target = A91188041A33B90C00C0875F /* ParseDemo */;
			targetProxy = A911881B1A33B90C00C0875F /* PBXContainerItemProxy */;
		};
/* End PBXTargetDependency section */

/* Begin PBXVariantGroup section */
		A911880E1A33B90C00C0875F /* Main.storyboard */ = {
			isa = PBXVariantGroup;
			children = (
				A911880F1A33B90C00C0875F /* Base */,
			);
			name = Main.storyboard;
			sourceTree = "<group>";
		};
		A91188131A33B90C00C0875F /* LaunchScreen.xib */ = {
			isa = PBXVariantGroup;
			children = (
				A91188141A33B90C00C0875F /* Base */,
			);
			name = LaunchScreen.xib;
			sourceTree = "<group>";
		};
/* End PBXVariantGroup section */

/* Begin XCBuildConfiguration section */
		A91188221A33B90C00C0875F /* Debug */ = {
			isa = XCBuildConfiguration;
			buildSettings = {
				ALWAYS_SEARCH_USER_PATHS = NO;
				CLANG_CXX_LANGUAGE_STANDARD = "gnu++0x";
				CLANG_CXX_LIBRARY = "libc++";
				CLANG_ENABLE_MODULES = YES;
				CLANG_ENABLE_OBJC_ARC = YES;
				CLANG_WARN_BOOL_CONVERSION = YES;
				CLANG_WARN_CONSTANT_CONVERSION = YES;
				CLANG_WARN_DIRECT_OBJC_ISA_USAGE = YES_ERROR;
				CLANG_WARN_EMPTY_BODY = YES;
				CLANG_WARN_ENUM_CONVERSION = YES;
				CLANG_WARN_INT_CONVERSION = YES;
				CLANG_WARN_OBJC_ROOT_CLASS = YES_ERROR;
				CLANG_WARN_UNREACHABLE_CODE = YES;
				CLANG_WARN__DUPLICATE_METHOD_MATCH = YES;
				"CODE_SIGN_IDENTITY[sdk=iphoneos*]" = "iPhone Developer";
				COPY_PHASE_STRIP = NO;
				ENABLE_STRICT_OBJC_MSGSEND = YES;
				GCC_C_LANGUAGE_STANDARD = gnu99;
				GCC_DYNAMIC_NO_PIC = NO;
				GCC_OPTIMIZATION_LEVEL = 0;
				GCC_PREPROCESSOR_DEFINITIONS = (
					"DEBUG=1",
					"$(inherited)",
				);
				GCC_SYMBOLS_PRIVATE_EXTERN = NO;
				GCC_WARN_64_TO_32_BIT_CONVERSION = YES;
				GCC_WARN_ABOUT_RETURN_TYPE = YES_ERROR;
				GCC_WARN_UNDECLARED_SELECTOR = YES;
				GCC_WARN_UNINITIALIZED_AUTOS = YES_AGGRESSIVE;
				GCC_WARN_UNUSED_FUNCTION = YES;
				GCC_WARN_UNUSED_VARIABLE = YES;
				IPHONEOS_DEPLOYMENT_TARGET = 8.1;
				MTL_ENABLE_DEBUG_INFO = YES;
				ONLY_ACTIVE_ARCH = YES;
				SDKROOT = iphoneos;
				SWIFT_OPTIMIZATION_LEVEL = "-Onone";
				TARGETED_DEVICE_FAMILY = "1,2";
			};
			name = Debug;
		};
		A91188231A33B90C00C0875F /* Release */ = {
			isa = XCBuildConfiguration;
			buildSettings = {
				ALWAYS_SEARCH_USER_PATHS = NO;
				CLANG_CXX_LANGUAGE_STANDARD = "gnu++0x";
				CLANG_CXX_LIBRARY = "libc++";
				CLANG_ENABLE_MODULES = YES;
				CLANG_ENABLE_OBJC_ARC = YES;
				CLANG_WARN_BOOL_CONVERSION = YES;
				CLANG_WARN_CONSTANT_CONVERSION = YES;
				CLANG_WARN_DIRECT_OBJC_ISA_USAGE = YES_ERROR;
				CLANG_WARN_EMPTY_BODY = YES;
				CLANG_WARN_ENUM_CONVERSION = YES;
				CLANG_WARN_INT_CONVERSION = YES;
				CLANG_WARN_OBJC_ROOT_CLASS = YES_ERROR;
				CLANG_WARN_UNREACHABLE_CODE = YES;
				CLANG_WARN__DUPLICATE_METHOD_MATCH = YES;
				"CODE_SIGN_IDENTITY[sdk=iphoneos*]" = "iPhone Developer";
				COPY_PHASE_STRIP = YES;
				ENABLE_NS_ASSERTIONS = NO;
				ENABLE_STRICT_OBJC_MSGSEND = YES;
				GCC_C_LANGUAGE_STANDARD = gnu99;
				GCC_WARN_64_TO_32_BIT_CONVERSION = YES;
				GCC_WARN_ABOUT_RETURN_TYPE = YES_ERROR;
				GCC_WARN_UNDECLARED_SELECTOR = YES;
				GCC_WARN_UNINITIALIZED_AUTOS = YES_AGGRESSIVE;
				GCC_WARN_UNUSED_FUNCTION = YES;
				GCC_WARN_UNUSED_VARIABLE = YES;
				IPHONEOS_DEPLOYMENT_TARGET = 8.1;
				MTL_ENABLE_DEBUG_INFO = NO;
				SDKROOT = iphoneos;
				TARGETED_DEVICE_FAMILY = "1,2";
				VALIDATE_PRODUCT = YES;
			};
			name = Release;
		};
		A91188251A33B90C00C0875F /* Debug */ = {
			isa = XCBuildConfiguration;
			buildSettings = {
				ASSETCATALOG_COMPILER_APPICON_NAME = AppIcon;
				INFOPLIST_FILE = ParseDemo/Info.plist;
				LD_RUNPATH_SEARCH_PATHS = "$(inherited) @executable_path/Frameworks";
				PRODUCT_NAME = "$(TARGET_NAME)";
			};
			name = Debug;
		};
		A91188261A33B90C00C0875F /* Release */ = {
			isa = XCBuildConfiguration;
			buildSettings = {
				ASSETCATALOG_COMPILER_APPICON_NAME = AppIcon;
				INFOPLIST_FILE = ParseDemo/Info.plist;
				LD_RUNPATH_SEARCH_PATHS = "$(inherited) @executable_path/Frameworks";
				PRODUCT_NAME = "$(TARGET_NAME)";
			};
			name = Release;
		};
		A91188281A33B90C00C0875F /* Debug */ = {
			isa = XCBuildConfiguration;
			buildSettings = {
				BUNDLE_LOADER = "$(TEST_HOST)";
				FRAMEWORK_SEARCH_PATHS = (
					"$(SDKROOT)/Developer/Library/Frameworks",
					"$(inherited)",
				);
				GCC_PREPROCESSOR_DEFINITIONS = (
					"DEBUG=1",
					"$(inherited)",
				);
				INFOPLIST_FILE = ParseDemoTests/Info.plist;
				LD_RUNPATH_SEARCH_PATHS = "$(inherited) @executable_path/Frameworks @loader_path/Frameworks";
				PRODUCT_NAME = "$(TARGET_NAME)";
				TEST_HOST = "$(BUILT_PRODUCTS_DIR)/ParseDemo.app/ParseDemo";
			};
			name = Debug;
		};
		A91188291A33B90C00C0875F /* Release */ = {
			isa = XCBuildConfiguration;
			buildSettings = {
				BUNDLE_LOADER = "$(TEST_HOST)";
				FRAMEWORK_SEARCH_PATHS = (
					"$(SDKROOT)/Developer/Library/Frameworks",
					"$(inherited)",
				);
				INFOPLIST_FILE = ParseDemoTests/Info.plist;
				LD_RUNPATH_SEARCH_PATHS = "$(inherited) @executable_path/Frameworks @loader_path/Frameworks";
				PRODUCT_NAME = "$(TARGET_NAME)";
				TEST_HOST = "$(BUILT_PRODUCTS_DIR)/ParseDemo.app/ParseDemo";
			};
			name = Release;
		};
/* End XCBuildConfiguration section */

/* Begin XCConfigurationList section */
		A91188001A33B90C00C0875F /* Build configuration list for PBXProject "ParseDemo" */ = {
			isa = XCConfigurationList;
			buildConfigurations = (
				A91188221A33B90C00C0875F /* Debug */,
				A91188231A33B90C00C0875F /* Release */,
			);
			defaultConfigurationIsVisible = 0;
			defaultConfigurationName = Release;
		};
		A91188241A33B90C00C0875F /* Build configuration list for PBXNativeTarget "ParseDemo" */ = {
			isa = XCConfigurationList;
			buildConfigurations = (
				A91188251A33B90C00C0875F /* Debug */,
				A91188261A33B90C00C0875F /* Release */,
			);
			defaultConfigurationIsVisible = 0;
		};
		A91188271A33B90C00C0875F /* Build configuration list for PBXNativeTarget "ParseDemoTests" */ = {
			isa = XCConfigurationList;
			buildConfigurations = (
				A91188281A33B90C00C0875F /* Debug */,
				A91188291A33B90C00C0875F /* Release */,
			);
			defaultConfigurationIsVisible = 0;
		};
/* End XCConfigurationList section */
	};
	rootObject = A91187FD1A33B90C00C0875F /* Project object */;
}
